
Microsoft Visual Studio Solution File, Format Version 12.00
# Visual Studio 2012
Project("{8BC9CEB8-8B4A-11D0-8D11-00A0C91BC942}") = "harj9", "harj9\harj9.vcxproj", "{9B411AF3-0AAE-4ADD-970C-385A8C921D45}"
EndProject
Global
	GlobalSection(SolutionConfigurationPlatforms) = preSolution
		Debug|Win32 = Debug|Win32
		Release|Win32 = Release|Win32
	EndGlobalSection
	GlobalSection(ProjectConfigurationPlatforms) = postSolution
		{9B411AF3-0AAE-4ADD-970C-385A8C921D45}.Debug|Win32.ActiveCfg = Debug|Win32
		{9B411AF3-0AAE-4ADD-970C-385A8C921D45}.Debug|Win32.Build.0 = Debug|Win32
		{9B411AF3-0AAE-4ADD-970C-385A8C921D45}.Release|Win32.ActiveCfg = Release|Win32
		{9B411AF3-0AAE-4ADD-970C-385A8C921D45}.Release|Win32.Build.0 = Release|Win32
	EndGlobalSection
	GlobalSection(SolutionProperties) = preSolution
		HideSolutionNode = FALSE
	EndGlobalSection
EndGlobal
